// !$*UTF8*$!
{
	archiveVersion = 1;
	classes = {
	};
	objectVersion = 46;
	objects = {

/* Begin PBXBuildFile section */
		AB21475A1D5CF1D900ED00D3 /* AppDelegate.swift in Sources */ = {isa = PBXBuildFile; fileRef = AB2147591D5CF1D900ED00D3 /* AppDelegate.swift */; };
		AB21475C1D5CF1D900ED00D3 /* ViewController.swift in Sources */ = {isa = PBXBuildFile; fileRef = AB21475B1D5CF1D900ED00D3 /* ViewController.swift */; };
		AB21475F1D5CF1D900ED00D3 /* Main.storyboard in Resources */ = {isa = PBXBuildFile; fileRef = AB21475D1D5CF1D900ED00D3 /* Main.storyboard */; };
		AB2147611D5CF1D900ED00D3 /* Assets.xcassets in Resources */ = {isa = PBXBuildFile; fileRef = AB2147601D5CF1D900ED00D3 /* Assets.xcassets */; };
		AB2147641D5CF1D900ED00D3 /* LaunchScreen.storyboard in Resources */ = {isa = PBXBuildFile; fileRef = AB2147621D5CF1D900ED00D3 /* LaunchScreen.storyboard */; };
/* End PBXBuildFile section */

/* Begin PBXFileReference section */
		AB2147561D5CF1D900ED00D3 /* favourite-place.app */ = {isa = PBXFileReference; explicitFileType = wrapper.application; includeInIndex = 0; path = "favourite-place.app"; sourceTree = BUILT_PRODUCTS_DIR; };
		AB2147591D5CF1D900ED00D3 /* AppDelegate.swift */ = {isa = PBXFileReference; lastKnownFileType = sourcecode.swift; path = AppDelegate.swift; sourceTree = "<group>"; };
		AB21475B1D5CF1D900ED00D3 /* ViewController.swift */ = {isa = PBXFileReference; lastKnownFileType = sourcecode.swift; path = ViewController.swift; sourceTree = "<group>"; };
		AB21475E1D5CF1D900ED00D3 /* Base */ = {isa = PBXFileReference; lastKnownFileType = file.storyboard; name = Base; path = Base.lproj/Main.storyboard; sourceTree = "<group>"; };
		AB2147601D5CF1D900ED00D3 /* Assets.xcassets */ = {isa = PBXFileReference; lastKnownFileType = folder.assetcatalog; path = Assets.xcassets; sourceTree = "<group>"; };
		AB2147631D5CF1D900ED00D3 /* Base */ = {isa = PBXFileReference; lastKnownFileType = file.storyboard; name = Base; path = Base.lproj/LaunchScreen.storyboard; sourceTree = "<group>"; };
		AB2147651D5CF1D900ED00D3 /* Info.plist */ = {isa = PBXFileReference; lastKnownFileType = text.plist.xml; path = Info.plist; sourceTree = "<group>"; };
/* End PBXFileReference section */

/* Begin PBXFrameworksBuildPhase section */
		AB2147531D5CF1D900ED00D3 /* Frameworks */ = {
			isa = PBXFrameworksBuildPhase;
			buildActionMask = 2147483647;
			files = (
			);
			runOnlyForDeploymentPostprocessing = 0;
		};
/* End PBXFrameworksBuildPhase section */

/* Begin PBXGroup section */
		AB21474D1D5CF1D900ED00D3 = {
			isa = PBXGroup;
			children = (
				AB2147581D5CF1D900ED00D3 /* favourite-place */,
				AB2147571D5CF1D900ED00D3 /* Products */,
			);
			sourceTree = "<group>";
		};
		AB2147571D5CF1D900ED00D3 /* Products */ = {
			isa = PBXGroup;
			children = (
				AB2147561D5CF1D900ED00D3 /* favourite-place.app */,
			);
			name = Products;
			sourceTree = "<group>";
		};
		AB2147581D5CF1D900ED00D3 /* favourite-place */ = {
			isa = PBXGroup;
			children = (
				AB2147591D5CF1D900ED00D3 /* AppDelegate.swift */,
				AB21475B1D5CF1D900ED00D3 /* ViewController.swift */,
				AB21475D1D5CF1D900ED00D3 /* Main.storyboard */,
				AB2147601D5CF1D900ED00D3 /* Assets.xcassets */,
				AB2147621D5CF1D900ED00D3 /* LaunchScreen.storyboard */,
				AB2147651D5CF1D900ED00D3 /* Info.plist */,
			);
			path = "favourite-place";
			sourceTree = "<group>";
		};
/* End PBXGroup section */

/* Begin PBXNativeTarget section */
		AB2147551D5CF1D900ED00D3 /* favourite-place */ = {
			isa = PBXNativeTarget;
			buildConfigurationList = AB2147681D5CF1D900ED00D3 /* Build configuration list for PBXNativeTarget "favourite-place" */;
			buildPhases = (
				AB2147521D5CF1D900ED00D3 /* Sources */,
				AB2147531D5CF1D900ED00D3 /* Frameworks */,
				AB2147541D5CF1D900ED00D3 /* Resources */,
			);
			buildRules = (
			);
			dependencies = (
			);
			name = "favourite-place";
			productName = "favourite-place";
			productReference = AB2147561D5CF1D900ED00D3 /* favourite-place.app */;
			productType = "com.apple.product-type.application";
		};
/* End PBXNativeTarget section */

/* Begin PBXProject section */
		AB21474E1D5CF1D900ED00D3 /* Project object */ = {
			isa = PBXProject;
			attributes = {
				LastSwiftUpdateCheck = 0730;
				LastUpgradeCheck = 0730;
				ORGANIZATIONNAME = "Vidur Singh";
				TargetAttributes = {
					AB2147551D5CF1D900ED00D3 = {
						CreatedOnToolsVersion = 7.3.1;
						DevelopmentTeam = 93LGAXCT48;
					};
				};
			};
			buildConfigurationList = AB2147511D5CF1D900ED00D3 /* Build configuration list for PBXProject "favourite-place" */;
			compatibilityVersion = "Xcode 3.2";
			developmentRegion = English;
			hasScannedForEncodings = 0;
			knownRegions = (
				en,
				Base,
			);
			mainGroup = AB21474D1D5CF1D900ED00D3;
			productRefGroup = AB2147571D5CF1D900ED00D3 /* Products */;
			projectDirPath = "";
			projectRoot = "";
			targets = (
				AB2147551D5CF1D900ED00D3 /* favourite-place */,
			);
		};
/* End PBXProject section */

/* Begin PBXResourcesBuildPhase section */
		AB2147541D5CF1D900ED00D3 /* Resources */ = {
			isa = PBXResourcesBuildPhase;
			buildActionMask = 2147483647;
			files = (
				AB2147641D5CF1D900ED00D3 /* LaunchScreen.storyboard in Resources */,
				AB2147611D5CF1D900ED00D3 /* Assets.xcassets in Resources */,
				AB21475F1D5CF1D900ED00D3 /* Main.storyboard in Resources */,
			);
			runOnlyForDeploymentPostprocessing = 0;
		};
/* End PBXResourcesBuildPhase section */

/* Begin PBXSourcesBuildPhase section */
		AB2147521D5CF1D900ED00D3 /* Sources */ = {
			isa = PBXSourcesBuildPhase;
			buildActionMask = 2147483647;
			files = (
				AB21475C1D5CF1D900ED00D3 /* ViewController.swift in Sources */,
				AB21475A1D5CF1D900ED00D3 /* AppDelegate.swift in Sources */,
			);
			runOnlyForDeploymentPostprocessing = 0;
		};
/* End PBXSourcesBuildPhase section */

/* Begin PBXVariantGroup section */
		AB21475D1D5CF1D900ED00D3 /* Main.storyboard */ = {
			isa = PBXVariantGroup;
			children = (
				AB21475E1D5CF1D900ED00D3 /* Base */,
			);
			name = Main.storyboard;
			sourceTree = "<group>";
		};
		AB2147621D5CF1D900ED00D3 /* LaunchScreen.storyboard */ = {
			isa = PBXVariantGroup;
			children = (
				AB2147631D5CF1D900ED00D3 /* Base */,
			);
			name = LaunchScreen.storyboard;
			sourceTree = "<group>";
		};
/* End PBXVariantGroup section */

/* Begin XCBuildConfiguration section */
		AB2147661D5CF1D900ED00D3 /* Debug */ = {
			isa = XCBuildConfiguration;
			buildSettings = {
				ALWAYS_SEARCH_USER_PATHS = NO;
				CLANG_ANALYZER_NONNULL = YES;
				CLANG_CXX_LANGUAGE_STANDARD = "gnu++0x";
				CLANG_CXX_LIBRARY = "libc++";
				CLANG_ENABLE_MODULES = YES;
				CLANG_ENABLE_OBJC_ARC = YES;
				CLANG_WARN_BOOL_CONVERSION = YES;
				CLANG_WARN_CONSTANT_CONVERSION = YES;
				CLANG_WARN_DIRECT_OBJC_ISA_USAGE = YES_ERROR;
				CLANG_WARN_EMPTY_BODY = YES;
				CLANG_WARN_ENUM_CONVERSION = YES;
				CLANG_WARN_INT_CONVERSION = YES;
				CLANG_WARN_OBJC_ROOT_CLASS = YES_ERROR;
				CLANG_WARN_UNREACHABLE_CODE = YES;
				CLANG_WARN__DUPLICATE_METHOD_MATCH = YES;
				"CODE_SIGN_IDENTITY[sdk=iphoneos*]" = "iPhone Developer";
				COPY_PHASE_STRIP = NO;
				DEBUG_INFORMATION_FORMAT = dwarf;
				ENABLE_STRICT_OBJC_MSGSEND = YES;
				ENABLE_TESTABILITY = YES;
				GCC_C_LANGUAGE_STANDARD = gnu99;
				GCC_DYNAMIC_NO_PIC = NO;
				GCC_NO_COMMON_BLOCKS = YES;
				GCC_OPTIMIZATION_LEVEL = 0;
				GCC_PREPROCESSOR_DEFINITIONS = (
					"DEBUG=1",
					"$(inherited)",
				);
				GCC_WARN_64_TO_32_BIT_CONVERSION = YES;
				GCC_WARN_ABOUT_RETURN_TYPE = YES_ERROR;
				GCC_WARN_UNDECLARED_SELECTOR = YES;
				GCC_WARN_UNINITIALIZED_AUTOS = YES_AGGRESSIVE;
				GCC_WARN_UNUSED_FUNCTION = YES;
				GCC_WARN_UNUSED_VARIABLE = YES;
				IPHONEOS_DEPLOYMENT_TARGET = 9.3;
				MTL_ENABLE_DEBUG_INFO = YES;
				ONLY_ACTIVE_ARCH = YES;
				SDKROOT = iphoneos;
				SWIFT_OPTIMIZATION_LEVEL = "-Onone";
				TARGETED_DEVICE_FAMILY = "1,2";
			};
			name = Debug;
		};
		AB2147671D5CF1D900ED00D3 /* Release */ = {
			isa = XCBuildConfiguration;
			buildSettings = {
				ALWAYS_SEARCH_USER_PATHS = NO;
				CLANG_ANALYZER_NONNULL = YES;
				CLANG_CXX_LANGUAGE_STANDARD = "gnu++0x";
				CLANG_CXX_LIBRARY = "libc++";
				CLANG_ENABLE_MODULES = YES;
				CLANG_ENABLE_OBJC_ARC = YES;
				CLANG_WARN_BOOL_CONVERSION = YES;
				CLANG_WARN_CONSTANT_CONVERSION = YES;
				CLANG_WARN_DIRECT_OBJC_ISA_USAGE = YES_ERROR;
				CLANG_WARN_EMPTY_BODY = YES;
				CLANG_WARN_ENUM_CONVERSION = YES;
				CLANG_WARN_INT_CONVERSION = YES;
				CLANG_WARN_OBJC_ROOT_CLASS = YES_ERROR;
				CLANG_WARN_UNREACHABLE_CODE = YES;
				CLANG_WARN__DUPLICATE_METHOD_MATCH = YES;
				"CODE_SIGN_IDENTITY[sdk=iphoneos*]" = "iPhone Developer";
				COPY_PHASE_STRIP = NO;
				DEBUG_INFORMATION_FORMAT = "dwarf-with-dsym";
				ENABLE_NS_ASSERTIONS = NO;
				ENABLE_STRICT_OBJC_MSGSEND = YES;
				GCC_C_LANGUAGE_STANDARD = gnu99;
				GCC_NO_COMMON_BLOCKS = YES;
				GCC_WARN_64_TO_32_BIT_CONVERSION = YES;
				GCC_WARN_ABOUT_RETURN_TYPE = YES_ERROR;
				GCC_WARN_UNDECLARED_SELECTOR = YES;
				GCC_WARN_UNINITIALIZED_AUTOS = YES_AGGRESSIVE;
				GCC_WARN_UNUSED_FUNCTION = YES;
				GCC_WARN_UNUSED_VARIABLE = YES;
				IPHONEOS_DEPLOYMENT_TARGET = 9.3;
				MTL_ENABLE_DEBUG_INFO = NO;
				SDKROOT = iphoneos;
				TARGETED_DEVICE_FAMILY = "1,2";
				VALIDATE_PRODUCT = YES;
			};
			name = Release;
		};
		AB2147691D5CF1D900ED00D3 /* Debug */ = {
			isa = XCBuildConfiguration;
			buildSettings = {
				ASSETCATALOG_COMPILER_APPICON_NAME = AppIcon;
				INFOPLIST_FILE = "favourite-place/Info.plist";
				LD_RUNPATH_SEARCH_PATHS = "$(inherited) @executable_path/Frameworks";
				PRODUCT_BUNDLE_IDENTIFIER = "com.vidur.learning.favourite-place";
				PRODUCT_NAME = "$(TARGET_NAME)";
			};
			name = Debug;
		};
		AB21476A1D5CF1D900ED00D3 /* Release */ = {
			isa = XCBuildConfiguration;
			buildSettings = {
				ASSETCATALOG_COMPILER_APPICON_NAME = AppIcon;
				INFOPLIST_FILE = "favourite-place/Info.plist";
				LD_RUNPATH_SEARCH_PATHS = "$(inherited) @executable_path/Frameworks";
				PRODUCT_BUNDLE_IDENTIFIER = "com.vidur.learning.favourite-place";
				PRODUCT_NAME = "$(TARGET_NAME)";
			};
			name = Release;
		};
/* End XCBuildConfiguration section */

/* Begin XCConfigurationList section */
		AB2147511D5CF1D900ED00D3 /* Build configuration list for PBXProject "favourite-place" */ = {
			isa = XCConfigurationList;
			buildConfigurations = (
				AB2147661D5CF1D900ED00D3 /* Debug */,
				AB2147671D5CF1D900ED00D3 /* Release */,
			);
			defaultConfigurationIsVisible = 0;
			defaultConfigurationName = Release;
		};
		AB2147681D5CF1D900ED00D3 /* Build configuration list for PBXNativeTarget "favourite-place" */ = {
			isa = XCConfigurationList;
			buildConfigurations = (
				AB2147691D5CF1D900ED00D3 /* Debug */,
				AB21476A1D5CF1D900ED00D3 /* Release */,
			);
			defaultConfigurationIsVisible = 0;
		};
/* End XCConfigurationList section */
	};
	rootObject = AB21474E1D5CF1D900ED00D3 /* Project object */;
}
