// !$*UTF8*$!
{
	archiveVersion = 1;
	classes = {
	};
	objectVersion = 46;
	objects = {

/* Begin PBXBuildFile section */
		ABB174D81CEF545D00C432CA /* AppDelegate.swift in Sources */ = {isa = PBXBuildFile; fileRef = ABB174D71CEF545D00C432CA /* AppDelegate.swift */; };
		ABB174DA1CEF545D00C432CA /* ViewController.swift in Sources */ = {isa = PBXBuildFile; fileRef = ABB174D91CEF545D00C432CA /* ViewController.swift */; };
		ABB174DD1CEF545D00C432CA /* Main.storyboard in Resources */ = {isa = PBXBuildFile; fileRef = ABB174DB1CEF545D00C432CA /* Main.storyboard */; };
		ABB174DF1CEF545D00C432CA /* Assets.xcassets in Resources */ = {isa = PBXBuildFile; fileRef = ABB174DE1CEF545D00C432CA /* Assets.xcassets */; };
		ABB174E21CEF545D00C432CA /* LaunchScreen.storyboard in Resources */ = {isa = PBXBuildFile; fileRef = ABB174E01CEF545D00C432CA /* LaunchScreen.storyboard */; };
/* End PBXBuildFile section */

/* Begin PBXFileReference section */
		ABB174D41CEF545D00C432CA /* Auto layout advanced constraints.app */ = {isa = PBXFileReference; explicitFileType = wrapper.application; includeInIndex = 0; path = "Auto layout advanced constraints.app"; sourceTree = BUILT_PRODUCTS_DIR; };
		ABB174D71CEF545D00C432CA /* AppDelegate.swift */ = {isa = PBXFileReference; lastKnownFileType = sourcecode.swift; path = AppDelegate.swift; sourceTree = "<group>"; };
		ABB174D91CEF545D00C432CA /* ViewController.swift */ = {isa = PBXFileReference; lastKnownFileType = sourcecode.swift; path = ViewController.swift; sourceTree = "<group>"; };
		ABB174DC1CEF545D00C432CA /* Base */ = {isa = PBXFileReference; lastKnownFileType = file.storyboard; name = Base; path = Base.lproj/Main.storyboard; sourceTree = "<group>"; };
		ABB174DE1CEF545D00C432CA /* Assets.xcassets */ = {isa = PBXFileReference; lastKnownFileType = folder.assetcatalog; path = Assets.xcassets; sourceTree = "<group>"; };
		ABB174E11CEF545D00C432CA /* Base */ = {isa = PBXFileReference; lastKnownFileType = file.storyboard; name = Base; path = Base.lproj/LaunchScreen.storyboard; sourceTree = "<group>"; };
		ABB174E31CEF545D00C432CA /* Info.plist */ = {isa = PBXFileReference; lastKnownFileType = text.plist.xml; path = Info.plist; sourceTree = "<group>"; };
/* End PBXFileReference section */

/* Begin PBXFrameworksBuildPhase section */
		ABB174D11CEF545D00C432CA /* Frameworks */ = {
			isa = PBXFrameworksBuildPhase;
			buildActionMask = 2147483647;
			files = (
			);
			runOnlyForDeploymentPostprocessing = 0;
		};
/* End PBXFrameworksBuildPhase section */

/* Begin PBXGroup section */
		ABB174CB1CEF545C00C432CA = {
			isa = PBXGroup;
			children = (
				ABB174D61CEF545D00C432CA /* Auto layout advanced constraints */,
				ABB174D51CEF545D00C432CA /* Products */,
			);
			sourceTree = "<group>";
		};
		ABB174D51CEF545D00C432CA /* Products */ = {
			isa = PBXGroup;
			children = (
				ABB174D41CEF545D00C432CA /* Auto layout advanced constraints.app */,
			);
			name = Products;
			sourceTree = "<group>";
		};
		ABB174D61CEF545D00C432CA /* Auto layout advanced constraints */ = {
			isa = PBXGroup;
			children = (
				ABB174D71CEF545D00C432CA /* AppDelegate.swift */,
				ABB174D91CEF545D00C432CA /* ViewController.swift */,
				ABB174DB1CEF545D00C432CA /* Main.storyboard */,
				ABB174DE1CEF545D00C432CA /* Assets.xcassets */,
				ABB174E01CEF545D00C432CA /* LaunchScreen.storyboard */,
				ABB174E31CEF545D00C432CA /* Info.plist */,
			);
			path = "Auto layout advanced constraints";
			sourceTree = "<group>";
		};
/* End PBXGroup section */

/* Begin PBXNativeTarget section */
		ABB174D31CEF545D00C432CA /* Auto layout advanced constraints */ = {
			isa = PBXNativeTarget;
			buildConfigurationList = ABB174E61CEF545D00C432CA /* Build configuration list for PBXNativeTarget "Auto layout advanced constraints" */;
			buildPhases = (
				ABB174D01CEF545D00C432CA /* Sources */,
				ABB174D11CEF545D00C432CA /* Frameworks */,
				ABB174D21CEF545D00C432CA /* Resources */,
			);
			buildRules = (
			);
			dependencies = (
			);
			name = "Auto layout advanced constraints";
			productName = "Auto layout advanced constraints";
			productReference = ABB174D41CEF545D00C432CA /* Auto layout advanced constraints.app */;
			productType = "com.apple.product-type.application";
		};
/* End PBXNativeTarget section */

/* Begin PBXProject section */
		ABB174CC1CEF545C00C432CA /* Project object */ = {
			isa = PBXProject;
			attributes = {
				LastSwiftUpdateCheck = 0730;
				LastUpgradeCheck = 0730;
				ORGANIZATIONNAME = "Vidur Singh";
				TargetAttributes = {
					ABB174D31CEF545D00C432CA = {
						CreatedOnToolsVersion = 7.3.1;
					};
				};
			};
			buildConfigurationList = ABB174CF1CEF545C00C432CA /* Build configuration list for PBXProject "Auto layout advanced constraints" */;
			compatibilityVersion = "Xcode 3.2";
			developmentRegion = English;
			hasScannedForEncodings = 0;
			knownRegions = (
				en,
				Base,
			);
			mainGroup = ABB174CB1CEF545C00C432CA;
			productRefGroup = ABB174D51CEF545D00C432CA /* Products */;
			projectDirPath = "";
			projectRoot = "";
			targets = (
				ABB174D31CEF545D00C432CA /* Auto layout advanced constraints */,
			);
		};
/* End PBXProject section */

/* Begin PBXResourcesBuildPhase section */
		ABB174D21CEF545D00C432CA /* Resources */ = {
			isa = PBXResourcesBuildPhase;
			buildActionMask = 2147483647;
			files = (
				ABB174E21CEF545D00C432CA /* LaunchScreen.storyboard in Resources */,
				ABB174DF1CEF545D00C432CA /* Assets.xcassets in Resources */,
				ABB174DD1CEF545D00C432CA /* Main.storyboard in Resources */,
			);
			runOnlyForDeploymentPostprocessing = 0;
		};
/* End PBXResourcesBuildPhase section */

/* Begin PBXSourcesBuildPhase section */
		ABB174D01CEF545D00C432CA /* Sources */ = {
			isa = PBXSourcesBuildPhase;
			buildActionMask = 2147483647;
			files = (
				ABB174DA1CEF545D00C432CA /* ViewController.swift in Sources */,
				ABB174D81CEF545D00C432CA /* AppDelegate.swift in Sources */,
			);
			runOnlyForDeploymentPostprocessing = 0;
		};
/* End PBXSourcesBuildPhase section */

/* Begin PBXVariantGroup section */
		ABB174DB1CEF545D00C432CA /* Main.storyboard */ = {
			isa = PBXVariantGroup;
			children = (
				ABB174DC1CEF545D00C432CA /* Base */,
			);
			name = Main.storyboard;
			sourceTree = "<group>";
		};
		ABB174E01CEF545D00C432CA /* LaunchScreen.storyboard */ = {
			isa = PBXVariantGroup;
			children = (
				ABB174E11CEF545D00C432CA /* Base */,
			);
			name = LaunchScreen.storyboard;
			sourceTree = "<group>";
		};
/* End PBXVariantGroup section */

/* Begin XCBuildConfiguration section */
		ABB174E41CEF545D00C432CA /* Debug */ = {
			isa = XCBuildConfiguration;
			buildSettings = {
				ALWAYS_SEARCH_USER_PATHS = NO;
				CLANG_ANALYZER_NONNULL = YES;
				CLANG_CXX_LANGUAGE_STANDARD = "gnu++0x";
				CLANG_CXX_LIBRARY = "libc++";
				CLANG_ENABLE_MODULES = YES;
				CLANG_ENABLE_OBJC_ARC = YES;
				CLANG_WARN_BOOL_CONVERSION = YES;
				CLANG_WARN_CONSTANT_CONVERSION = YES;
				CLANG_WARN_DIRECT_OBJC_ISA_USAGE = YES_ERROR;
				CLANG_WARN_EMPTY_BODY = YES;
				CLANG_WARN_ENUM_CONVERSION = YES;
				CLANG_WARN_INT_CONVERSION = YES;
				CLANG_WARN_OBJC_ROOT_CLASS = YES_ERROR;
				CLANG_WARN_UNREACHABLE_CODE = YES;
				CLANG_WARN__DUPLICATE_METHOD_MATCH = YES;
				"CODE_SIGN_IDENTITY[sdk=iphoneos*]" = "iPhone Developer";
				COPY_PHASE_STRIP = NO;
				DEBUG_INFORMATION_FORMAT = dwarf;
				ENABLE_STRICT_OBJC_MSGSEND = YES;
				ENABLE_TESTABILITY = YES;
				GCC_C_LANGUAGE_STANDARD = gnu99;
				GCC_DYNAMIC_NO_PIC = NO;
				GCC_NO_COMMON_BLOCKS = YES;
				GCC_OPTIMIZATION_LEVEL = 0;
				GCC_PREPROCESSOR_DEFINITIONS = (
					"DEBUG=1",
					"$(inherited)",
				);
				GCC_WARN_64_TO_32_BIT_CONVERSION = YES;
				GCC_WARN_ABOUT_RETURN_TYPE = YES_ERROR;
				GCC_WARN_UNDECLARED_SELECTOR = YES;
				GCC_WARN_UNINITIALIZED_AUTOS = YES_AGGRESSIVE;
				GCC_WARN_UNUSED_FUNCTION = YES;
				GCC_WARN_UNUSED_VARIABLE = YES;
				IPHONEOS_DEPLOYMENT_TARGET = 9.3;
				MTL_ENABLE_DEBUG_INFO = YES;
				ONLY_ACTIVE_ARCH = YES;
				SDKROOT = iphoneos;
				SWIFT_OPTIMIZATION_LEVEL = "-Onone";
			};
			name = Debug;
		};
		ABB174E51CEF545D00C432CA /* Release */ = {
			isa = XCBuildConfiguration;
			buildSettings = {
				ALWAYS_SEARCH_USER_PATHS = NO;
				CLANG_ANALYZER_NONNULL = YES;
				CLANG_CXX_LANGUAGE_STANDARD = "gnu++0x";
				CLANG_CXX_LIBRARY = "libc++";
				CLANG_ENABLE_MODULES = YES;
				CLANG_ENABLE_OBJC_ARC = YES;
				CLANG_WARN_BOOL_CONVERSION = YES;
				CLANG_WARN_CONSTANT_CONVERSION = YES;
				CLANG_WARN_DIRECT_OBJC_ISA_USAGE = YES_ERROR;
				CLANG_WARN_EMPTY_BODY = YES;
				CLANG_WARN_ENUM_CONVERSION = YES;
				CLANG_WARN_INT_CONVERSION = YES;
				CLANG_WARN_OBJC_ROOT_CLASS = YES_ERROR;
				CLANG_WARN_UNREACHABLE_CODE = YES;
				CLANG_WARN__DUPLICATE_METHOD_MATCH = YES;
				"CODE_SIGN_IDENTITY[sdk=iphoneos*]" = "iPhone Developer";
				COPY_PHASE_STRIP = NO;
				DEBUG_INFORMATION_FORMAT = "dwarf-with-dsym";
				ENABLE_NS_ASSERTIONS = NO;
				ENABLE_STRICT_OBJC_MSGSEND = YES;
				GCC_C_LANGUAGE_STANDARD = gnu99;
				GCC_NO_COMMON_BLOCKS = YES;
				GCC_WARN_64_TO_32_BIT_CONVERSION = YES;
				GCC_WARN_ABOUT_RETURN_TYPE = YES_ERROR;
				GCC_WARN_UNDECLARED_SELECTOR = YES;
				GCC_WARN_UNINITIALIZED_AUTOS = YES_AGGRESSIVE;
				GCC_WARN_UNUSED_FUNCTION = YES;
				GCC_WARN_UNUSED_VARIABLE = YES;
				IPHONEOS_DEPLOYMENT_TARGET = 9.3;
				MTL_ENABLE_DEBUG_INFO = NO;
				SDKROOT = iphoneos;
				VALIDATE_PRODUCT = YES;
			};
			name = Release;
		};
		ABB174E71CEF545D00C432CA /* Debug */ = {
			isa = XCBuildConfiguration;
			buildSettings = {
				ASSETCATALOG_COMPILER_APPICON_NAME = AppIcon;
				INFOPLIST_FILE = "Auto layout advanced constraints/Info.plist";
				LD_RUNPATH_SEARCH_PATHS = "$(inherited) @executable_path/Frameworks";
				PRODUCT_BUNDLE_IDENTIFIER = "com.vidur.learning.Auto-layout-advanced-constraints";
				PRODUCT_NAME = "$(TARGET_NAME)";
			};
			name = Debug;
		};
		ABB174E81CEF545D00C432CA /* Release */ = {
			isa = XCBuildConfiguration;
			buildSettings = {
				ASSETCATALOG_COMPILER_APPICON_NAME = AppIcon;
				INFOPLIST_FILE = "Auto layout advanced constraints/Info.plist";
				LD_RUNPATH_SEARCH_PATHS = "$(inherited) @executable_path/Frameworks";
				PRODUCT_BUNDLE_IDENTIFIER = "com.vidur.learning.Auto-layout-advanced-constraints";
				PRODUCT_NAME = "$(TARGET_NAME)";
			};
			name = Release;
		};
/* End XCBuildConfiguration section */

/* Begin XCConfigurationList section */
		ABB174CF1CEF545C00C432CA /* Build configuration list for PBXProject "Auto layout advanced constraints" */ = {
			isa = XCConfigurationList;
			buildConfigurations = (
				ABB174E41CEF545D00C432CA /* Debug */,
				ABB174E51CEF545D00C432CA /* Release */,
			);
			defaultConfigurationIsVisible = 0;
			defaultConfigurationName = Release;
		};
		ABB174E61CEF545D00C432CA /* Build configuration list for PBXNativeTarget "Auto layout advanced constraints" */ = {
			isa = XCConfigurationList;
			buildConfigurations = (
				ABB174E71CEF545D00C432CA /* Debug */,
				ABB174E81CEF545D00C432CA /* Release */,
			);
			defaultConfigurationIsVisible = 0;
		};
/* End XCConfigurationList section */
	};
	rootObject = ABB174CC1CEF545C00C432CA /* Project object */;
}
