// !$*UTF8*$!
{
	archiveVersion = 1;
	classes = {
	};
	objectVersion = 46;
	objects = {

/* Begin PBXBuildFile section */
		AB457B401D61A9F1001E4CC6 /* AppDelegate.swift in Sources */ = {isa = PBXBuildFile; fileRef = AB457B3F1D61A9F1001E4CC6 /* AppDelegate.swift */; };
		AB457B421D61A9F1001E4CC6 /* ViewController.swift in Sources */ = {isa = PBXBuildFile; fileRef = AB457B411D61A9F1001E4CC6 /* ViewController.swift */; };
		AB457B451D61A9F1001E4CC6 /* Main.storyboard in Resources */ = {isa = PBXBuildFile; fileRef = AB457B431D61A9F1001E4CC6 /* Main.storyboard */; };
		AB457B471D61A9F1001E4CC6 /* Assets.xcassets in Resources */ = {isa = PBXBuildFile; fileRef = AB457B461D61A9F1001E4CC6 /* Assets.xcassets */; };
		AB457B4A1D61A9F1001E4CC6 /* LaunchScreen.storyboard in Resources */ = {isa = PBXBuildFile; fileRef = AB457B481D61A9F1001E4CC6 /* LaunchScreen.storyboard */; };
/* End PBXBuildFile section */

/* Begin PBXFileReference section */
		AB457B3C1D61A9F1001E4CC6 /* my-table-view.app */ = {isa = PBXFileReference; explicitFileType = wrapper.application; includeInIndex = 0; path = "my-table-view.app"; sourceTree = BUILT_PRODUCTS_DIR; };
		AB457B3F1D61A9F1001E4CC6 /* AppDelegate.swift */ = {isa = PBXFileReference; lastKnownFileType = sourcecode.swift; path = AppDelegate.swift; sourceTree = "<group>"; };
		AB457B411D61A9F1001E4CC6 /* ViewController.swift */ = {isa = PBXFileReference; lastKnownFileType = sourcecode.swift; path = ViewController.swift; sourceTree = "<group>"; };
		AB457B441D61A9F1001E4CC6 /* Base */ = {isa = PBXFileReference; lastKnownFileType = file.storyboard; name = Base; path = Base.lproj/Main.storyboard; sourceTree = "<group>"; };
		AB457B461D61A9F1001E4CC6 /* Assets.xcassets */ = {isa = PBXFileReference; lastKnownFileType = folder.assetcatalog; path = Assets.xcassets; sourceTree = "<group>"; };
		AB457B491D61A9F1001E4CC6 /* Base */ = {isa = PBXFileReference; lastKnownFileType = file.storyboard; name = Base; path = Base.lproj/LaunchScreen.storyboard; sourceTree = "<group>"; };
		AB457B4B1D61A9F1001E4CC6 /* Info.plist */ = {isa = PBXFileReference; lastKnownFileType = text.plist.xml; path = Info.plist; sourceTree = "<group>"; };
/* End PBXFileReference section */

/* Begin PBXFrameworksBuildPhase section */
		AB457B391D61A9F1001E4CC6 /* Frameworks */ = {
			isa = PBXFrameworksBuildPhase;
			buildActionMask = 2147483647;
			files = (
			);
			runOnlyForDeploymentPostprocessing = 0;
		};
/* End PBXFrameworksBuildPhase section */

/* Begin PBXGroup section */
		AB457B331D61A9F1001E4CC6 = {
			isa = PBXGroup;
			children = (
				AB457B3E1D61A9F1001E4CC6 /* my-table-view */,
				AB457B3D1D61A9F1001E4CC6 /* Products */,
			);
			sourceTree = "<group>";
		};
		AB457B3D1D61A9F1001E4CC6 /* Products */ = {
			isa = PBXGroup;
			children = (
				AB457B3C1D61A9F1001E4CC6 /* my-table-view.app */,
			);
			name = Products;
			sourceTree = "<group>";
		};
		AB457B3E1D61A9F1001E4CC6 /* my-table-view */ = {
			isa = PBXGroup;
			children = (
				AB457B3F1D61A9F1001E4CC6 /* AppDelegate.swift */,
				AB457B411D61A9F1001E4CC6 /* ViewController.swift */,
				AB457B431D61A9F1001E4CC6 /* Main.storyboard */,
				AB457B461D61A9F1001E4CC6 /* Assets.xcassets */,
				AB457B481D61A9F1001E4CC6 /* LaunchScreen.storyboard */,
				AB457B4B1D61A9F1001E4CC6 /* Info.plist */,
			);
			path = "my-table-view";
			sourceTree = "<group>";
		};
/* End PBXGroup section */

/* Begin PBXNativeTarget section */
		AB457B3B1D61A9F1001E4CC6 /* my-table-view */ = {
			isa = PBXNativeTarget;
			buildConfigurationList = AB457B4E1D61A9F1001E4CC6 /* Build configuration list for PBXNativeTarget "my-table-view" */;
			buildPhases = (
				AB457B381D61A9F1001E4CC6 /* Sources */,
				AB457B391D61A9F1001E4CC6 /* Frameworks */,
				AB457B3A1D61A9F1001E4CC6 /* Resources */,
			);
			buildRules = (
			);
			dependencies = (
			);
			name = "my-table-view";
			productName = "my-table-view";
			productReference = AB457B3C1D61A9F1001E4CC6 /* my-table-view.app */;
			productType = "com.apple.product-type.application";
		};
/* End PBXNativeTarget section */

/* Begin PBXProject section */
		AB457B341D61A9F1001E4CC6 /* Project object */ = {
			isa = PBXProject;
			attributes = {
				LastSwiftUpdateCheck = 0730;
				LastUpgradeCheck = 0730;
				ORGANIZATIONNAME = "Vidur Singh";
				TargetAttributes = {
					AB457B3B1D61A9F1001E4CC6 = {
						CreatedOnToolsVersion = 7.3.1;
						DevelopmentTeam = 93LGAXCT48;
					};
				};
			};
			buildConfigurationList = AB457B371D61A9F1001E4CC6 /* Build configuration list for PBXProject "my-table-view" */;
			compatibilityVersion = "Xcode 3.2";
			developmentRegion = English;
			hasScannedForEncodings = 0;
			knownRegions = (
				en,
				Base,
			);
			mainGroup = AB457B331D61A9F1001E4CC6;
			productRefGroup = AB457B3D1D61A9F1001E4CC6 /* Products */;
			projectDirPath = "";
			projectRoot = "";
			targets = (
				AB457B3B1D61A9F1001E4CC6 /* my-table-view */,
			);
		};
/* End PBXProject section */

/* Begin PBXResourcesBuildPhase section */
		AB457B3A1D61A9F1001E4CC6 /* Resources */ = {
			isa = PBXResourcesBuildPhase;
			buildActionMask = 2147483647;
			files = (
				AB457B4A1D61A9F1001E4CC6 /* LaunchScreen.storyboard in Resources */,
				AB457B471D61A9F1001E4CC6 /* Assets.xcassets in Resources */,
				AB457B451D61A9F1001E4CC6 /* Main.storyboard in Resources */,
			);
			runOnlyForDeploymentPostprocessing = 0;
		};
/* End PBXResourcesBuildPhase section */

/* Begin PBXSourcesBuildPhase section */
		AB457B381D61A9F1001E4CC6 /* Sources */ = {
			isa = PBXSourcesBuildPhase;
			buildActionMask = 2147483647;
			files = (
				AB457B421D61A9F1001E4CC6 /* ViewController.swift in Sources */,
				AB457B401D61A9F1001E4CC6 /* AppDelegate.swift in Sources */,
			);
			runOnlyForDeploymentPostprocessing = 0;
		};
/* End PBXSourcesBuildPhase section */

/* Begin PBXVariantGroup section */
		AB457B431D61A9F1001E4CC6 /* Main.storyboard */ = {
			isa = PBXVariantGroup;
			children = (
				AB457B441D61A9F1001E4CC6 /* Base */,
			);
			name = Main.storyboard;
			sourceTree = "<group>";
		};
		AB457B481D61A9F1001E4CC6 /* LaunchScreen.storyboard */ = {
			isa = PBXVariantGroup;
			children = (
				AB457B491D61A9F1001E4CC6 /* Base */,
			);
			name = LaunchScreen.storyboard;
			sourceTree = "<group>";
		};
/* End PBXVariantGroup section */

/* Begin XCBuildConfiguration section */
		AB457B4C1D61A9F1001E4CC6 /* Debug */ = {
			isa = XCBuildConfiguration;
			buildSettings = {
				ALWAYS_SEARCH_USER_PATHS = NO;
				CLANG_ANALYZER_NONNULL = YES;
				CLANG_CXX_LANGUAGE_STANDARD = "gnu++0x";
				CLANG_CXX_LIBRARY = "libc++";
				CLANG_ENABLE_MODULES = YES;
				CLANG_ENABLE_OBJC_ARC = YES;
				CLANG_WARN_BOOL_CONVERSION = YES;
				CLANG_WARN_CONSTANT_CONVERSION = YES;
				CLANG_WARN_DIRECT_OBJC_ISA_USAGE = YES_ERROR;
				CLANG_WARN_EMPTY_BODY = YES;
				CLANG_WARN_ENUM_CONVERSION = YES;
				CLANG_WARN_INT_CONVERSION = YES;
				CLANG_WARN_OBJC_ROOT_CLASS = YES_ERROR;
				CLANG_WARN_UNREACHABLE_CODE = YES;
				CLANG_WARN__DUPLICATE_METHOD_MATCH = YES;
				"CODE_SIGN_IDENTITY[sdk=iphoneos*]" = "iPhone Developer";
				COPY_PHASE_STRIP = NO;
				DEBUG_INFORMATION_FORMAT = dwarf;
				ENABLE_STRICT_OBJC_MSGSEND = YES;
				ENABLE_TESTABILITY = YES;
				GCC_C_LANGUAGE_STANDARD = gnu99;
				GCC_DYNAMIC_NO_PIC = NO;
				GCC_NO_COMMON_BLOCKS = YES;
				GCC_OPTIMIZATION_LEVEL = 0;
				GCC_PREPROCESSOR_DEFINITIONS = (
					"DEBUG=1",
					"$(inherited)",
				);
				GCC_WARN_64_TO_32_BIT_CONVERSION = YES;
				GCC_WARN_ABOUT_RETURN_TYPE = YES_ERROR;
				GCC_WARN_UNDECLARED_SELECTOR = YES;
				GCC_WARN_UNINITIALIZED_AUTOS = YES_AGGRESSIVE;
				GCC_WARN_UNUSED_FUNCTION = YES;
				GCC_WARN_UNUSED_VARIABLE = YES;
				IPHONEOS_DEPLOYMENT_TARGET = 9.3;
				MTL_ENABLE_DEBUG_INFO = YES;
				ONLY_ACTIVE_ARCH = YES;
				SDKROOT = iphoneos;
				SWIFT_OPTIMIZATION_LEVEL = "-Onone";
				TARGETED_DEVICE_FAMILY = "1,2";
			};
			name = Debug;
		};
		AB457B4D1D61A9F1001E4CC6 /* Release */ = {
			isa = XCBuildConfiguration;
			buildSettings = {
				ALWAYS_SEARCH_USER_PATHS = NO;
				CLANG_ANALYZER_NONNULL = YES;
				CLANG_CXX_LANGUAGE_STANDARD = "gnu++0x";
				CLANG_CXX_LIBRARY = "libc++";
				CLANG_ENABLE_MODULES = YES;
				CLANG_ENABLE_OBJC_ARC = YES;
				CLANG_WARN_BOOL_CONVERSION = YES;
				CLANG_WARN_CONSTANT_CONVERSION = YES;
				CLANG_WARN_DIRECT_OBJC_ISA_USAGE = YES_ERROR;
				CLANG_WARN_EMPTY_BODY = YES;
				CLANG_WARN_ENUM_CONVERSION = YES;
				CLANG_WARN_INT_CONVERSION = YES;
				CLANG_WARN_OBJC_ROOT_CLASS = YES_ERROR;
				CLANG_WARN_UNREACHABLE_CODE = YES;
				CLANG_WARN__DUPLICATE_METHOD_MATCH = YES;
				"CODE_SIGN_IDENTITY[sdk=iphoneos*]" = "iPhone Developer";
				COPY_PHASE_STRIP = NO;
				DEBUG_INFORMATION_FORMAT = "dwarf-with-dsym";
				ENABLE_NS_ASSERTIONS = NO;
				ENABLE_STRICT_OBJC_MSGSEND = YES;
				GCC_C_LANGUAGE_STANDARD = gnu99;
				GCC_NO_COMMON_BLOCKS = YES;
				GCC_WARN_64_TO_32_BIT_CONVERSION = YES;
				GCC_WARN_ABOUT_RETURN_TYPE = YES_ERROR;
				GCC_WARN_UNDECLARED_SELECTOR = YES;
				GCC_WARN_UNINITIALIZED_AUTOS = YES_AGGRESSIVE;
				GCC_WARN_UNUSED_FUNCTION = YES;
				GCC_WARN_UNUSED_VARIABLE = YES;
				IPHONEOS_DEPLOYMENT_TARGET = 9.3;
				MTL_ENABLE_DEBUG_INFO = NO;
				SDKROOT = iphoneos;
				TARGETED_DEVICE_FAMILY = "1,2";
				VALIDATE_PRODUCT = YES;
			};
			name = Release;
		};
		AB457B4F1D61A9F1001E4CC6 /* Debug */ = {
			isa = XCBuildConfiguration;
			buildSettings = {
				ASSETCATALOG_COMPILER_APPICON_NAME = AppIcon;
				INFOPLIST_FILE = "my-table-view/Info.plist";
				LD_RUNPATH_SEARCH_PATHS = "$(inherited) @executable_path/Frameworks";
				PRODUCT_BUNDLE_IDENTIFIER = "com.vidur.learning.my-table-view";
				PRODUCT_NAME = "$(TARGET_NAME)";
			};
			name = Debug;
		};
		AB457B501D61A9F1001E4CC6 /* Release */ = {
			isa = XCBuildConfiguration;
			buildSettings = {
				ASSETCATALOG_COMPILER_APPICON_NAME = AppIcon;
				INFOPLIST_FILE = "my-table-view/Info.plist";
				LD_RUNPATH_SEARCH_PATHS = "$(inherited) @executable_path/Frameworks";
				PRODUCT_BUNDLE_IDENTIFIER = "com.vidur.learning.my-table-view";
				PRODUCT_NAME = "$(TARGET_NAME)";
			};
			name = Release;
		};
/* End XCBuildConfiguration section */

/* Begin XCConfigurationList section */
		AB457B371D61A9F1001E4CC6 /* Build configuration list for PBXProject "my-table-view" */ = {
			isa = XCConfigurationList;
			buildConfigurations = (
				AB457B4C1D61A9F1001E4CC6 /* Debug */,
				AB457B4D1D61A9F1001E4CC6 /* Release */,
			);
			defaultConfigurationIsVisible = 0;
			defaultConfigurationName = Release;
		};
		AB457B4E1D61A9F1001E4CC6 /* Build configuration list for PBXNativeTarget "my-table-view" */ = {
			isa = XCConfigurationList;
			buildConfigurations = (
				AB457B4F1D61A9F1001E4CC6 /* Debug */,
				AB457B501D61A9F1001E4CC6 /* Release */,
			);
			defaultConfigurationIsVisible = 0;
		};
/* End XCConfigurationList section */
	};
	rootObject = AB457B341D61A9F1001E4CC6 /* Project object */;
}
